{
  "name": "quectogpt",
  "version": "1.0.0",
  "lockfileVersion": 3,
  "requires": true,
  "packages": {
    "": {
      "name": "quectogpt",
      "version": "1.0.0",
      "license": "ISC",
      "dependencies": {
        "@jax-js/jax": "^0.1.9",
        "@jax-js/optax": "^0.1.2"
      }
    },
    "node_modules/@jax-js/jax": {
      "version": "0.1.9",
      "resolved": "https://registry.npmjs.org/@jax-js/jax/-/jax-0.1.9.tgz",
      "integrity": "sha512-Y9/HszPH/Cvy5tuak+4greCZwtNwJhm3/tLJCYk/3Zy3NKzndiMmum99hPx3PQxafHi+HnY3D1Xz6favJewxXA==",
      "license": "MIT",
      "engines": {
        "pnpm": ">=10.0.0"
      }
    },
    "node_modules/@jax-js/optax": {
      "version": "0.1.2",
      "resolved": "https://registry.npmjs.org/@jax-js/optax/-/optax-0.1.2.tgz",
      "integrity": "sha512-pJ/N0FIlrZTRALTc2rlAFSDEn/wBXbpaiqpaw2a+vwH+Br/fCX5dZ1ZckZFTG+iTPOm+oZ/xA+cjaocu47+0HA==",
      "license": "MIT",
      "dependencies": {
        "@jax-js/jax": "^0.1.4"
      }
    }
  }
}
